
Microsoft Visual Studio Solution File, Format Version 12.00
# Visual Studio Version 17
VisualStudioVersion = 17.14.36518.9
MinimumVisualStudioVersion = 10.0.40219.1
Project("{2150E333-8FDC-42A3-9474-1A3956D46DE8}") = "Services", "Services", "{02EA681E-C7D8-13C7-8484-4AC65E1B71E8}"
EndProject
Project("{2150E333-8FDC-42A3-9474-1A3956D46DE8}") = "Catalog", "Catalog", "{50E9E739-57AC-4299-9705-637B2DE53807}"
EndProject
Project("{FAE04EC0-301F-11D3-BF4B-00C04F79EFBC}") = "MultiShopWithNetCore9.Catalog", "MultiShopWithNetCore9.Catalog\MultiShopWithNetCore9.Catalog.csproj", "{424847B2-7C7C-4459-8717-0340694CEFA0}"
EndProject
Project("{2150E333-8FDC-42A3-9474-1A3956D46DE8}") = "Discount", "Discount", "{A00A0DC0-E944-4FB0-94CE-E2DB7872CE8E}"
EndProject
Project("{FAE04EC0-301F-11D3-BF4B-00C04F79EFBC}") = "MultiShopWithNetCore9.Discount", "MultiShopWithNetCore9.Discount\MultiShopWithNetCore9.Discount.csproj", "{CA74A6D2-3301-406F-8BAB-12DD25DFD8B2}"
EndProject
Project("{2150E333-8FDC-42A3-9474-1A3956D46DE8}") = "Order", "Order", "{E7ACE45A-E1EF-4E97-9AD6-E10D03471B97}"
EndProject
Project("{2150E333-8FDC-42A3-9474-1A3956D46DE8}") = "Core", "Core", "{D09A8724-827A-4BC0-939A-27A478D1CF2B}"
EndProject
Project("{2150E333-8FDC-42A3-9474-1A3956D46DE8}") = "Infrastructure", "Infrastructure", "{4F077792-A3C3-4916-B528-1AB2AC688F60}"
EndProject
Project("{2150E333-8FDC-42A3-9474-1A3956D46DE8}") = "Presentination", "Presentination", "{FA3821B1-24CF-4A77-B576-94CFA18FBD66}"
EndProject
Project("{FAE04EC0-301F-11D3-BF4B-00C04F79EFBC}") = "MultiShopWithNetCore9.Order.Domain", "MultiShopWithNetCore9.Order.Domain\MultiShopWithNetCore9.Order.Domain.csproj", "{9DAE96ED-D8D2-4404-9397-DBF586F78E27}"
EndProject
Project("{FAE04EC0-301F-11D3-BF4B-00C04F79EFBC}") = "MultiShopWithNetCore9.Order.Application", "MultiShopWithNetCore9.Order.Application\MultiShopWithNetCore9.Order.Application.csproj", "{03E5FE3C-6916-49B6-BC82-648584F131FF}"
EndProject
Project("{FAE04EC0-301F-11D3-BF4B-00C04F79EFBC}") = "MultiShopWithNetCore9.Order.Persistence", "MultiShopWithNetCore9.Order.Persistence\MultiShopWithNetCore9.Order.Persistence.csproj", "{8A031625-C9DA-443A-AE4B-A6905C7C42CF}"
EndProject
Project("{FAE04EC0-301F-11D3-BF4B-00C04F79EFBC}") = "MultiShopWithNetCore9.Order.WebApi", "MultiShopWithNetCore9.Order.WebApi\MultiShopWithNetCore9.Order.WebApi.csproj", "{86755CD0-01BE-4264-BB04-D246CA38F0AD}"
EndProject
Global
	GlobalSection(SolutionConfigurationPlatforms) = preSolution
		Debug|Any CPU = Debug|Any CPU
		Release|Any CPU = Release|Any CPU
	EndGlobalSection
	GlobalSection(ProjectConfigurationPlatforms) = postSolution
		{424847B2-7C7C-4459-8717-0340694CEFA0}.Debug|Any CPU.ActiveCfg = Debug|Any CPU
		{424847B2-7C7C-4459-8717-0340694CEFA0}.Debug|Any CPU.Build.0 = Debug|Any CPU
		{424847B2-7C7C-4459-8717-0340694CEFA0}.Release|Any CPU.ActiveCfg = Release|Any CPU
		{424847B2-7C7C-4459-8717-0340694CEFA0}.Release|Any CPU.Build.0 = Release|Any CPU
		{CA74A6D2-3301-406F-8BAB-12DD25DFD8B2}.Debug|Any CPU.ActiveCfg = Debug|Any CPU
		{CA74A6D2-3301-406F-8BAB-12DD25DFD8B2}.Debug|Any CPU.Build.0 = Debug|Any CPU
		{CA74A6D2-3301-406F-8BAB-12DD25DFD8B2}.Release|Any CPU.ActiveCfg = Release|Any CPU
		{CA74A6D2-3301-406F-8BAB-12DD25DFD8B2}.Release|Any CPU.Build.0 = Release|Any CPU
		{9DAE96ED-D8D2-4404-9397-DBF586F78E27}.Debug|Any CPU.ActiveCfg = Debug|Any CPU
		{9DAE96ED-D8D2-4404-9397-DBF586F78E27}.Debug|Any CPU.Build.0 = Debug|Any CPU
		{9DAE96ED-D8D2-4404-9397-DBF586F78E27}.Release|Any CPU.ActiveCfg = Release|Any CPU
		{9DAE96ED-D8D2-4404-9397-DBF586F78E27}.Release|Any CPU.Build.0 = Release|Any CPU
		{03E5FE3C-6916-49B6-BC82-648584F131FF}.Debug|Any CPU.ActiveCfg = Debug|Any CPU
		{03E5FE3C-6916-49B6-BC82-648584F131FF}.Debug|Any CPU.Build.0 = Debug|Any CPU
		{03E5FE3C-6916-49B6-BC82-648584F131FF}.Release|Any CPU.ActiveCfg = Release|Any CPU
		{03E5FE3C-6916-49B6-BC82-648584F131FF}.Release|Any CPU.Build.0 = Release|Any CPU
		{8A031625-C9DA-443A-AE4B-A6905C7C42CF}.Debug|Any CPU.ActiveCfg = Debug|Any CPU
		{8A031625-C9DA-443A-AE4B-A6905C7C42CF}.Debug|Any CPU.Build.0 = Debug|Any CPU
		{8A031625-C9DA-443A-AE4B-A6905C7C42CF}.Release|Any CPU.ActiveCfg = Release|Any CPU
		{8A031625-C9DA-443A-AE4B-A6905C7C42CF}.Release|Any CPU.Build.0 = Release|Any CPU
		{86755CD0-01BE-4264-BB04-D246CA38F0AD}.Debug|Any CPU.ActiveCfg = Debug|Any CPU
		{86755CD0-01BE-4264-BB04-D246CA38F0AD}.Debug|Any CPU.Build.0 = Debug|Any CPU
		{86755CD0-01BE-4264-BB04-D246CA38F0AD}.Release|Any CPU.ActiveCfg = Release|Any CPU
		{86755CD0-01BE-4264-BB04-D246CA38F0AD}.Release|Any CPU.Build.0 = Release|Any CPU
	EndGlobalSection
	GlobalSection(SolutionProperties) = preSolution
		HideSolutionNode = FALSE
	EndGlobalSection
	GlobalSection(NestedProjects) = preSolution
		{50E9E739-57AC-4299-9705-637B2DE53807} = {02EA681E-C7D8-13C7-8484-4AC65E1B71E8}
		{424847B2-7C7C-4459-8717-0340694CEFA0} = {50E9E739-57AC-4299-9705-637B2DE53807}
		{A00A0DC0-E944-4FB0-94CE-E2DB7872CE8E} = {02EA681E-C7D8-13C7-8484-4AC65E1B71E8}
		{CA74A6D2-3301-406F-8BAB-12DD25DFD8B2} = {A00A0DC0-E944-4FB0-94CE-E2DB7872CE8E}
		{E7ACE45A-E1EF-4E97-9AD6-E10D03471B97} = {02EA681E-C7D8-13C7-8484-4AC65E1B71E8}
		{D09A8724-827A-4BC0-939A-27A478D1CF2B} = {E7ACE45A-E1EF-4E97-9AD6-E10D03471B97}
		{4F077792-A3C3-4916-B528-1AB2AC688F60} = {E7ACE45A-E1EF-4E97-9AD6-E10D03471B97}
		{FA3821B1-24CF-4A77-B576-94CFA18FBD66} = {E7ACE45A-E1EF-4E97-9AD6-E10D03471B97}
		{9DAE96ED-D8D2-4404-9397-DBF586F78E27} = {D09A8724-827A-4BC0-939A-27A478D1CF2B}
		{03E5FE3C-6916-49B6-BC82-648584F131FF} = {D09A8724-827A-4BC0-939A-27A478D1CF2B}
		{8A031625-C9DA-443A-AE4B-A6905C7C42CF} = {4F077792-A3C3-4916-B528-1AB2AC688F60}
		{86755CD0-01BE-4264-BB04-D246CA38F0AD} = {FA3821B1-24CF-4A77-B576-94CFA18FBD66}
	EndGlobalSection
	GlobalSection(ExtensibilityGlobals) = postSolution
		SolutionGuid = {87E6A05B-D98C-468A-806E-8B7A14DA570A}
	EndGlobalSection
EndGlobal
